
Microsoft Visual Studio Solution File, Format Version 12.00
# Visual Studio Version 16
VisualStudioVersion = 16.0.30503.244
MinimumVisualStudioVersion = 10.0.40219.1
Project("{FAE04EC0-301F-11D3-BF4B-00C04F79EFBC}") = "ETHDINFKBot", "ETHDINFKBot\ETHDINFKBot.csproj", "{5E3905C3-1646-41E6-A8A9-388B9114ED66}"
EndProject
Global
	GlobalSection(SolutionConfigurationPlatforms) = preSolution
		Debug|Any CPU = Debug|Any CPU
		Release|Any CPU = Release|Any CPU
	EndGlobalSection
	GlobalSection(ProjectConfigurationPlatforms) = postSolution
		{5E3905C3-1646-41E6-A8A9-388B9114ED66}.Debug|Any CPU.ActiveCfg = Debug|Any CPU
		{5E3905C3-1646-41E6-A8A9-388B9114ED66}.Debug|Any CPU.Build.0 = Debug|Any CPU
		{5E3905C3-1646-41E6-A8A9-388B9114ED66}.Release|Any CPU.ActiveCfg = Release|Any CPU
		{5E3905C3-1646-41E6-A8A9-388B9114ED66}.Release|Any CPU.Build.0 = Release|Any CPU
	EndGlobalSection
	GlobalSection(SolutionProperties) = preSolution
		HideSolutionNode = FALSE
	EndGlobalSection
	GlobalSection(ExtensibilityGlobals) = postSolution
		SolutionGuid = {172A1530-811E-4867-8AB1-FE9249D33609}
	EndGlobalSection
EndGlobal
